// !$*UTF8*$!
{
	archiveVersion = 1;
	classes = {
	};
	objectVersion = 46;
	objects = {

/* Begin PBXBuildFile section */
		932730901F8B9400D966DB63 /* VideoAsset.swift in Sources */ = {isa = PBXBuildFile; fileRef = 932734A8936D24919A706149 /* VideoAsset.swift */; };
		932731F51B406B88FFA16E2E /* Transducer.swift in Sources */ = {isa = PBXBuildFile; fileRef = 93273DFB7732E39DF9930BF4 /* Transducer.swift */; };
		932733A69BEACE178F733AF1 /* URL.swift in Sources */ = {isa = PBXBuildFile; fileRef = 932735C2A5F59A075AA5CD9E /* URL.swift */; };
		932733E8EA085FE5D0312BC0 /* LessonViewController.swift in Sources */ = {isa = PBXBuildFile; fileRef = 93273155B42AB1317A8C6949 /* LessonViewController.swift */; };
		932733EFDD0EA2C2A625F287 /* HomeViewController.swift in Sources */ = {isa = PBXBuildFile; fileRef = 93273DABF035BBB464F9708E /* HomeViewController.swift */; };
		9327343BF0F2DAF67C2595F4 /* LessonService.swift in Sources */ = {isa = PBXBuildFile; fileRef = 93273259EB639AE49BDAFC49 /* LessonService.swift */; };
		932734D8B18B3F57C06571BA /* Input.swift in Sources */ = {isa = PBXBuildFile; fileRef = 9327393A2474760F404272F3 /* Input.swift */; };
		9327359F47E74FD612AA67F8 /* UIView.swift in Sources */ = {isa = PBXBuildFile; fileRef = 93273C21CDEBE4F7C7D7A914 /* UIView.swift */; };
		93273677CB163FDE16C83C11 /* Assets.xcassets in Resources */ = {isa = PBXBuildFile; fileRef = 932731AA43EA43131302C65C /* Assets.xcassets */; };
		93273742857181D0593AAC52 /* State.swift in Sources */ = {isa = PBXBuildFile; fileRef = 93273DFC2035BD07A317C082 /* State.swift */; };
		932737F32E98A2D8BC9BC07C /* Lesson.swift in Sources */ = {isa = PBXBuildFile; fileRef = 93273EE60ED50398C45B603E /* Lesson.swift */; };
		93273AFA783F5BFF5BA4990B /* VideoPlayerItem.swift in Sources */ = {isa = PBXBuildFile; fileRef = 93273B72EFDB7188C5336B05 /* VideoPlayerItem.swift */; };
		93273B34C7A0EFDAF2AEE8AB /* AppDelegate.swift in Sources */ = {isa = PBXBuildFile; fileRef = 932737812F43217F85914749 /* AppDelegate.swift */; };
		93273BF2D11127541A74CC51 /* Reply.swift in Sources */ = {isa = PBXBuildFile; fileRef = 93273DE22C7D3CCADDBC84B4 /* Reply.swift */; };
		93273CDEF44E20D3A3C853E7 /* RemoteVideoAsset.swift in Sources */ = {isa = PBXBuildFile; fileRef = 932732D9C173F0E8C62FFB49 /* RemoteVideoAsset.swift */; };
		93273D20B12D2F8D216EC1B1 /* Automaton.swift in Sources */ = {isa = PBXBuildFile; fileRef = 93273D77D6865E68E7AC7BC2 /* Automaton.swift */; };
		93273E3142D3F79FEB77BAB6 /* AppTransducer.swift in Sources */ = {isa = PBXBuildFile; fileRef = 932732C9CD3C4DF96B4A98C4 /* AppTransducer.swift */; };
		93273E4615302153180EFDCA /* RemoteVideoAssetDownloader.swift in Sources */ = {isa = PBXBuildFile; fileRef = 932731392C4A3C973CFA425A /* RemoteVideoAssetDownloader.swift */; };
		93273E84F8C2FAAE3F63AD1C /* LaunchScreen.storyboard in Resources */ = {isa = PBXBuildFile; fileRef = 932733A9F7CBC3689138AB41 /* LaunchScreen.storyboard */; };
		93273ECE1F2666BC6037FD52 /* VideoPlayer.swift in Sources */ = {isa = PBXBuildFile; fileRef = 93273C7D1D9D99AB54E2CF55 /* VideoPlayer.swift */; };
		9B9CB2F6634FC2B49845EE55 /* Pods_Lessonay.framework in Frameworks */ = {isa = PBXBuildFile; fileRef = F41DE3B23C77DBF18EBCDE1A /* Pods_Lessonay.framework */; };
/* End PBXBuildFile section */

/* Begin PBXFileReference section */
		21F8413B622A7F2416292FE5 /* Pods-Lessonay.release.xcconfig */ = {isa = PBXFileReference; includeInIndex = 1; lastKnownFileType = text.xcconfig; name = "Pods-Lessonay.release.xcconfig"; path = "Pods/Target Support Files/Pods-Lessonay/Pods-Lessonay.release.xcconfig"; sourceTree = "<group>"; };
		26BDE7CA9D15C77DC3B22A20 /* Pods-Lessonay.debug.xcconfig */ = {isa = PBXFileReference; includeInIndex = 1; lastKnownFileType = text.xcconfig; name = "Pods-Lessonay.debug.xcconfig"; path = "Pods/Target Support Files/Pods-Lessonay/Pods-Lessonay.debug.xcconfig"; sourceTree = "<group>"; };
		932731392C4A3C973CFA425A /* RemoteVideoAssetDownloader.swift */ = {isa = PBXFileReference; fileEncoding = 4; lastKnownFileType = sourcecode.swift; path = RemoteVideoAssetDownloader.swift; sourceTree = "<group>"; };
		93273155B42AB1317A8C6949 /* LessonViewController.swift */ = {isa = PBXFileReference; fileEncoding = 4; lastKnownFileType = sourcecode.swift; path = LessonViewController.swift; sourceTree = "<group>"; };
		932731AA43EA43131302C65C /* Assets.xcassets */ = {isa = PBXFileReference; lastKnownFileType = folder.assetcatalog; path = Assets.xcassets; sourceTree = "<group>"; };
		93273259EB639AE49BDAFC49 /* LessonService.swift */ = {isa = PBXFileReference; fileEncoding = 4; lastKnownFileType = sourcecode.swift; path = LessonService.swift; sourceTree = "<group>"; };
		932732C9CD3C4DF96B4A98C4 /* AppTransducer.swift */ = {isa = PBXFileReference; fileEncoding = 4; lastKnownFileType = sourcecode.swift; path = AppTransducer.swift; sourceTree = "<group>"; };
		932732D9C173F0E8C62FFB49 /* RemoteVideoAsset.swift */ = {isa = PBXFileReference; fileEncoding = 4; lastKnownFileType = sourcecode.swift; path = RemoteVideoAsset.swift; sourceTree = "<group>"; };
		932733A9F7CBC3689138AB41 /* LaunchScreen.storyboard */ = {isa = PBXFileReference; lastKnownFileType = file.storyboard; path = LaunchScreen.storyboard; sourceTree = "<group>"; };
		932734A8936D24919A706149 /* VideoAsset.swift */ = {isa = PBXFileReference; fileEncoding = 4; lastKnownFileType = sourcecode.swift; path = VideoAsset.swift; sourceTree = "<group>"; };
		932735C2A5F59A075AA5CD9E /* URL.swift */ = {isa = PBXFileReference; fileEncoding = 4; lastKnownFileType = sourcecode.swift; path = URL.swift; sourceTree = "<group>"; };
		932737812F43217F85914749 /* AppDelegate.swift */ = {isa = PBXFileReference; fileEncoding = 4; lastKnownFileType = sourcecode.swift; path = AppDelegate.swift; sourceTree = "<group>"; };
		932737AF11C421B2DCA343B0 /* Lessonay.app */ = {isa = PBXFileReference; explicitFileType = wrapper.application; includeInIndex = 0; path = Lessonay.app; sourceTree = BUILT_PRODUCTS_DIR; };
		9327393A2474760F404272F3 /* Input.swift */ = {isa = PBXFileReference; fileEncoding = 4; lastKnownFileType = sourcecode.swift; path = Input.swift; sourceTree = "<group>"; };
		93273B72EFDB7188C5336B05 /* VideoPlayerItem.swift */ = {isa = PBXFileReference; fileEncoding = 4; lastKnownFileType = sourcecode.swift; path = VideoPlayerItem.swift; sourceTree = "<group>"; };
		93273C21CDEBE4F7C7D7A914 /* UIView.swift */ = {isa = PBXFileReference; fileEncoding = 4; lastKnownFileType = sourcecode.swift; path = UIView.swift; sourceTree = "<group>"; };
		93273C7D1D9D99AB54E2CF55 /* VideoPlayer.swift */ = {isa = PBXFileReference; fileEncoding = 4; lastKnownFileType = sourcecode.swift; path = VideoPlayer.swift; sourceTree = "<group>"; };
		93273D77D6865E68E7AC7BC2 /* Automaton.swift */ = {isa = PBXFileReference; fileEncoding = 4; lastKnownFileType = sourcecode.swift; path = Automaton.swift; sourceTree = "<group>"; };
		93273DABF035BBB464F9708E /* HomeViewController.swift */ = {isa = PBXFileReference; fileEncoding = 4; lastKnownFileType = sourcecode.swift; path = HomeViewController.swift; sourceTree = "<group>"; };
		93273DE22C7D3CCADDBC84B4 /* Reply.swift */ = {isa = PBXFileReference; fileEncoding = 4; lastKnownFileType = sourcecode.swift; path = Reply.swift; sourceTree = "<group>"; };
		93273DFB7732E39DF9930BF4 /* Transducer.swift */ = {isa = PBXFileReference; fileEncoding = 4; lastKnownFileType = sourcecode.swift; path = Transducer.swift; sourceTree = "<group>"; };
		93273DFC2035BD07A317C082 /* State.swift */ = {isa = PBXFileReference; fileEncoding = 4; lastKnownFileType = sourcecode.swift; path = State.swift; sourceTree = "<group>"; };
		93273E8931BBF32B23340EC9 /* Info.plist */ = {isa = PBXFileReference; lastKnownFileType = text.plist.info; path = Info.plist; sourceTree = "<group>"; };
		93273EE60ED50398C45B603E /* Lesson.swift */ = {isa = PBXFileReference; fileEncoding = 4; lastKnownFileType = sourcecode.swift; path = Lesson.swift; sourceTree = "<group>"; };
		F41DE3B23C77DBF18EBCDE1A /* Pods_Lessonay.framework */ = {isa = PBXFileReference; explicitFileType = wrapper.framework; includeInIndex = 0; path = Pods_Lessonay.framework; sourceTree = BUILT_PRODUCTS_DIR; };
/* End PBXFileReference section */

/* Begin PBXFrameworksBuildPhase section */
		93273A860F5B0CAFFDA4FC33 /* Frameworks */ = {
			isa = PBXFrameworksBuildPhase;
			buildActionMask = 2147483647;
			files = (
				9B9CB2F6634FC2B49845EE55 /* Pods_Lessonay.framework in Frameworks */,
			);
			runOnlyForDeploymentPostprocessing = 0;
		};
/* End PBXFrameworksBuildPhase section */

/* Begin PBXGroup section */
		43F721841460F7947776C616 /* Pods */ = {
			isa = PBXGroup;
			children = (
				26BDE7CA9D15C77DC3B22A20 /* Pods-Lessonay.debug.xcconfig */,
				21F8413B622A7F2416292FE5 /* Pods-Lessonay.release.xcconfig */,
			);
			name = Pods;
			sourceTree = "<group>";
		};
		4D02404FBC208D76CCC22A47 /* Frameworks */ = {
			isa = PBXGroup;
			children = (
				F41DE3B23C77DBF18EBCDE1A /* Pods_Lessonay.framework */,
			);
			name = Frameworks;
			sourceTree = "<group>";
		};
		93273004A89017571482472A /* Model */ = {
			isa = PBXGroup;
			children = (
				93273EE60ED50398C45B603E /* Lesson.swift */,
			);
			path = Model;
			sourceTree = "<group>";
		};
		9327303E2EB22DB66C66A494 /* Extensions */ = {
			isa = PBXGroup;
			children = (
				93273CD287A806AF616AD878 /* Foundation */,
				932736EE03725F2808C5F1E9 /* UIKit */,
			);
			path = Extensions;
			sourceTree = "<group>";
		};
		932731753B2F5A4F1058D655 /* Products */ = {
			isa = PBXGroup;
			children = (
				932737AF11C421B2DCA343B0 /* Lessonay.app */,
			);
			name = Products;
			sourceTree = "<group>";
		};
		9327351E055EE456CAE7E810 /* Services */ = {
			isa = PBXGroup;
			children = (
				93273259EB639AE49BDAFC49 /* LessonService.swift */,
			);
			path = Services;
			sourceTree = "<group>";
		};
		93273614C792A8F0775D2EA9 /* Infrastructure */ = {
			isa = PBXGroup;
			children = (
				932736F7358CDE6C9A5CAC5B /* Video Playback */,
				9327303E2EB22DB66C66A494 /* Extensions */,
				93273F08896FE5683088EC53 /* Automaton */,
			);
			path = Infrastructure;
			sourceTree = "<group>";
		};
		932736EE03725F2808C5F1E9 /* UIKit */ = {
			isa = PBXGroup;
			children = (
				93273C21CDEBE4F7C7D7A914 /* UIView.swift */,
			);
			path = UIKit;
			sourceTree = "<group>";
		};
		932736F7358CDE6C9A5CAC5B /* Video Playback */ = {
			isa = PBXGroup;
			children = (
				93273C7D1D9D99AB54E2CF55 /* VideoPlayer.swift */,
				932734A8936D24919A706149 /* VideoAsset.swift */,
				93273B72EFDB7188C5336B05 /* VideoPlayerItem.swift */,
				932732D9C173F0E8C62FFB49 /* RemoteVideoAsset.swift */,
				932731392C4A3C973CFA425A /* RemoteVideoAssetDownloader.swift */,
			);
			path = "Video Playback";
			sourceTree = "<group>";
		};
		932738550FEC5F3F0023466C = {
			isa = PBXGroup;
			children = (
				932731753B2F5A4F1058D655 /* Products */,
				93273E65B9AC5DA323C340CB /* Lessonay */,
				43F721841460F7947776C616 /* Pods */,
				4D02404FBC208D76CCC22A47 /* Frameworks */,
			);
			sourceTree = "<group>";
		};
		93273CD287A806AF616AD878 /* Foundation */ = {
			isa = PBXGroup;
			children = (
				932735C2A5F59A075AA5CD9E /* URL.swift */,
			);
			path = Foundation;
			sourceTree = "<group>";
		};
		93273E16A61CB0B5FA25C87C /* User Interface */ = {
			isa = PBXGroup;
			children = (
				93273DABF035BBB464F9708E /* HomeViewController.swift */,
				932733A9F7CBC3689138AB41 /* LaunchScreen.storyboard */,
				93273DFC2035BD07A317C082 /* State.swift */,
				9327393A2474760F404272F3 /* Input.swift */,
				93273155B42AB1317A8C6949 /* LessonViewController.swift */,
			);
			path = "User Interface";
			sourceTree = "<group>";
		};
		93273E65B9AC5DA323C340CB /* Lessonay */ = {
			isa = PBXGroup;
			children = (
				93273E8931BBF32B23340EC9 /* Info.plist */,
				932731AA43EA43131302C65C /* Assets.xcassets */,
				93273E16A61CB0B5FA25C87C /* User Interface */,
				93273F91C29DA4E2D1F61E79 /* Assembly */,
				93273614C792A8F0775D2EA9 /* Infrastructure */,
				93273004A89017571482472A /* Model */,
				9327351E055EE456CAE7E810 /* Services */,
			);
			path = Lessonay;
			sourceTree = "<group>";
		};
		93273F08896FE5683088EC53 /* Automaton */ = {
			isa = PBXGroup;
			children = (
				93273D77D6865E68E7AC7BC2 /* Automaton.swift */,
				93273DE22C7D3CCADDBC84B4 /* Reply.swift */,
				93273DFB7732E39DF9930BF4 /* Transducer.swift */,
			);
			path = Automaton;
			sourceTree = "<group>";
		};
		93273F91C29DA4E2D1F61E79 /* Assembly */ = {
			isa = PBXGroup;
			children = (
				932737812F43217F85914749 /* AppDelegate.swift */,
				932732C9CD3C4DF96B4A98C4 /* AppTransducer.swift */,
			);
			path = Assembly;
			sourceTree = "<group>";
		};
/* End PBXGroup section */

/* Begin PBXNativeTarget section */
		93273FB6E5FBDDA329AEBB3F /* Lessonay */ = {
			isa = PBXNativeTarget;
			buildConfigurationList = 932733442B3395B081CE5DDD /* Build configuration list for PBXNativeTarget "Lessonay" */;
			buildPhases = (
				1CD14155D5E366FD70EDF02C /* [CP] Check Pods Manifest.lock */,
				93273F1EE9FC0DBC67AEAECE /* Sources */,
				93273A860F5B0CAFFDA4FC33 /* Frameworks */,
				932731212BECE3BC6164824A /* Resources */,
				BD77E16D60F05E3A75A7A934 /* [CP] Embed Pods Frameworks */,
				AE4A3D1BE68EE53E60CC640E /* [CP] Copy Pods Resources */,
			);
			buildRules = (
			);
			dependencies = (
			);
			name = Lessonay;
			productName = Lessonay;
			productReference = 932737AF11C421B2DCA343B0 /* Lessonay.app */;
			productType = "com.apple.product-type.application";
		};
/* End PBXNativeTarget section */

/* Begin PBXProject section */
		932737A42B4065464F09624B /* Project object */ = {
			isa = PBXProject;
			attributes = {
				ORGANIZATIONNAME = Nominalista;
			};
			buildConfigurationList = 93273839B69552CDA5808698 /* Build configuration list for PBXProject "Lessonay" */;
			compatibilityVersion = "Xcode 3.2";
			developmentRegion = English;
			hasScannedForEncodings = 0;
			knownRegions = (
				en,
			);
			mainGroup = 932738550FEC5F3F0023466C;
			productRefGroup = 932731753B2F5A4F1058D655 /* Products */;
			projectDirPath = "";
			projectRoot = "";
			targets = (
				93273FB6E5FBDDA329AEBB3F /* Lessonay */,
			);
		};
/* End PBXProject section */

/* Begin PBXResourcesBuildPhase section */
		932731212BECE3BC6164824A /* Resources */ = {
			isa = PBXResourcesBuildPhase;
			buildActionMask = 2147483647;
			files = (
				93273677CB163FDE16C83C11 /* Assets.xcassets in Resources */,
				93273E84F8C2FAAE3F63AD1C /* LaunchScreen.storyboard in Resources */,
			);
			runOnlyForDeploymentPostprocessing = 0;
		};
/* End PBXResourcesBuildPhase section */

/* Begin PBXShellScriptBuildPhase section */
		1CD14155D5E366FD70EDF02C /* [CP] Check Pods Manifest.lock */ = {
			isa = PBXShellScriptBuildPhase;
			buildActionMask = 2147483647;
			files = (
			);
			inputPaths = (
				"${PODS_PODFILE_DIR_PATH}/Podfile.lock",
				"${PODS_ROOT}/Manifest.lock",
			);
			name = "[CP] Check Pods Manifest.lock";
			outputPaths = (
				"$(DERIVED_FILE_DIR)/Pods-Lessonay-checkManifestLockResult.txt",
			);
			runOnlyForDeploymentPostprocessing = 0;
			shellPath = /bin/sh;
			shellScript = "diff \"${PODS_PODFILE_DIR_PATH}/Podfile.lock\" \"${PODS_ROOT}/Manifest.lock\" > /dev/null\nif [ $? != 0 ] ; then\n    # print error to STDERR\n    echo \"error: The sandbox is not in sync with the Podfile.lock. Run 'pod install' or update your CocoaPods installation.\" >&2\n    exit 1\nfi\n# This output is used by Xcode 'outputs' to avoid re-running this script phase.\necho \"SUCCESS\" > \"${SCRIPT_OUTPUT_FILE_0}\"\n";
			showEnvVarsInLog = 0;
		};
		AE4A3D1BE68EE53E60CC640E /* [CP] Copy Pods Resources */ = {
			isa = PBXShellScriptBuildPhase;
			buildActionMask = 2147483647;
			files = (
			);
			inputPaths = (
			);
			name = "[CP] Copy Pods Resources";
			outputPaths = (
			);
			runOnlyForDeploymentPostprocessing = 0;
			shellPath = /bin/sh;
			shellScript = "\"${SRCROOT}/Pods/Target Support Files/Pods-Lessonay/Pods-Lessonay-resources.sh\"\n";
			showEnvVarsInLog = 0;
		};
		BD77E16D60F05E3A75A7A934 /* [CP] Embed Pods Frameworks */ = {
			isa = PBXShellScriptBuildPhase;
			buildActionMask = 2147483647;
			files = (
			);
			inputPaths = (
				"${SRCROOT}/Pods/Target Support Files/Pods-Lessonay/Pods-Lessonay-frameworks.sh",
				"${BUILT_PRODUCTS_DIR}/RxCocoa/RxCocoa.framework",
				"${BUILT_PRODUCTS_DIR}/RxSwift/RxSwift.framework",
			);
			name = "[CP] Embed Pods Frameworks";
			outputPaths = (
				"${TARGET_BUILD_DIR}/${FRAMEWORKS_FOLDER_PATH}/RxCocoa.framework",
				"${TARGET_BUILD_DIR}/${FRAMEWORKS_FOLDER_PATH}/RxSwift.framework",
			);
			runOnlyForDeploymentPostprocessing = 0;
			shellPath = /bin/sh;
			shellScript = "\"${SRCROOT}/Pods/Target Support Files/Pods-Lessonay/Pods-Lessonay-frameworks.sh\"\n";
			showEnvVarsInLog = 0;
		};
/* End PBXShellScriptBuildPhase section */

/* Begin PBXSourcesBuildPhase section */
		93273F1EE9FC0DBC67AEAECE /* Sources */ = {
			isa = PBXSourcesBuildPhase;
			buildActionMask = 2147483647;
			files = (
				932733EFDD0EA2C2A625F287 /* HomeViewController.swift in Sources */,
				93273B34C7A0EFDAF2AEE8AB /* AppDelegate.swift in Sources */,
				93273ECE1F2666BC6037FD52 /* VideoPlayer.swift in Sources */,
				932730901F8B9400D966DB63 /* VideoAsset.swift in Sources */,
				93273AFA783F5BFF5BA4990B /* VideoPlayerItem.swift in Sources */,
				93273CDEF44E20D3A3C853E7 /* RemoteVideoAsset.swift in Sources */,
				93273E4615302153180EFDCA /* RemoteVideoAssetDownloader.swift in Sources */,
				932733A69BEACE178F733AF1 /* URL.swift in Sources */,
				93273D20B12D2F8D216EC1B1 /* Automaton.swift in Sources */,
				9327359F47E74FD612AA67F8 /* UIView.swift in Sources */,
				93273742857181D0593AAC52 /* State.swift in Sources */,
				932734D8B18B3F57C06571BA /* Input.swift in Sources */,
				932737F32E98A2D8BC9BC07C /* Lesson.swift in Sources */,
				9327343BF0F2DAF67C2595F4 /* LessonService.swift in Sources */,
				932733E8EA085FE5D0312BC0 /* LessonViewController.swift in Sources */,
				93273BF2D11127541A74CC51 /* Reply.swift in Sources */,
				932731F51B406B88FFA16E2E /* Transducer.swift in Sources */,
				93273E3142D3F79FEB77BAB6 /* AppTransducer.swift in Sources */,
			);
			runOnlyForDeploymentPostprocessing = 0;
		};
/* End PBXSourcesBuildPhase section */

/* Begin XCBuildConfiguration section */
		932732CCA7A12152D2BF556B /* Debug */ = {
			isa = XCBuildConfiguration;
			buildSettings = {
				ALWAYS_SEARCH_USER_PATHS = NO;
				CLANG_ANALYZER_NONNULL = YES;
				CLANG_ANALYZER_NUMBER_OBJECT_CONVERSION = YES_AGGRESSIVE;
				CLANG_CXX_LANGUAGE_STANDARD = "gnu++14";
				CLANG_CXX_LIBRARY = "libc++";
				CLANG_ENABLE_MODULES = YES;
				CLANG_ENABLE_OBJC_ARC = YES;
				CLANG_ENABLE_OBJC_WEAK = YES;
				CLANG_WARN_BLOCK_CAPTURE_AUTORELEASING = YES;
				CLANG_WARN_BOOL_CONVERSION = YES;
				CLANG_WARN_COMMA = YES;
				CLANG_WARN_CONSTANT_CONVERSION = YES;
				CLANG_WARN_DEPRECATED_OBJC_IMPLEMENTATIONS = YES;
				CLANG_WARN_DIRECT_OBJC_ISA_USAGE = YES_ERROR;
				CLANG_WARN_DOCUMENTATION_COMMENTS = YES;
				CLANG_WARN_EMPTY_BODY = YES;
				CLANG_WARN_ENUM_CONVERSION = YES;
				CLANG_WARN_INFINITE_RECURSION = YES;
				CLANG_WARN_INT_CONVERSION = YES;
				CLANG_WARN_NON_LITERAL_NULL_CONVERSION = YES;
				CLANG_WARN_OBJC_IMPLICIT_RETAIN_SELF = YES;
				CLANG_WARN_OBJC_LITERAL_CONVERSION = YES;
				CLANG_WARN_OBJC_ROOT_CLASS = YES_ERROR;
				CLANG_WARN_RANGE_LOOP_ANALYSIS = YES;
				CLANG_WARN_STRICT_PROTOTYPES = YES;
				CLANG_WARN_SUSPICIOUS_MOVE = YES;
				CLANG_WARN_UNGUARDED_AVAILABILITY = YES_AGGRESSIVE;
				CLANG_WARN_UNREACHABLE_CODE = YES;
				CLANG_WARN__DUPLICATE_METHOD_MATCH = YES;
				CODE_SIGN_IDENTITY = "iPhone Developer";
				COPY_PHASE_STRIP = NO;
				DEBUG_INFORMATION_FORMAT = dwarf;
				ENABLE_STRICT_OBJC_MSGSEND = YES;
				ENABLE_TESTABILITY = YES;
				GCC_C_LANGUAGE_STANDARD = gnu11;
				GCC_DYNAMIC_NO_PIC = NO;
				GCC_NO_COMMON_BLOCKS = YES;
				GCC_OPTIMIZATION_LEVEL = 0;
				GCC_PREPROCESSOR_DEFINITIONS = (
					"DEBUG=1",
					"$(inherited)",
				);
				GCC_WARN_64_TO_32_BIT_CONVERSION = YES;
				GCC_WARN_ABOUT_RETURN_TYPE = YES_ERROR;
				GCC_WARN_UNDECLARED_SELECTOR = YES;
				GCC_WARN_UNINITIALIZED_AUTOS = YES_AGGRESSIVE;
				GCC_WARN_UNUSED_FUNCTION = YES;
				GCC_WARN_UNUSED_VARIABLE = YES;
				IPHONEOS_DEPLOYMENT_TARGET = 11.3;
				MTL_ENABLE_DEBUG_INFO = YES;
				ONLY_ACTIVE_ARCH = YES;
				SDKROOT = iphoneos;
				SWIFT_ACTIVE_COMPILATION_CONDITIONS = DEBUG;
				SWIFT_OPTIMIZATION_LEVEL = "-Onone";
			};
			name = Debug;
		};
		932737387200AAFA2A72DCAE /* Release */ = {
			isa = XCBuildConfiguration;
			baseConfigurationReference = 21F8413B622A7F2416292FE5 /* Pods-Lessonay.release.xcconfig */;
			buildSettings = {
				ASSETCATALOG_COMPILER_APPICON_NAME = AppIcon;
				INFOPLIST_FILE = Lessonay/Info.plist;
				LD_RUNPATH_SEARCH_PATHS = "$(inherited) @executable_path/Frameworks";
				PRODUCT_BUNDLE_IDENTIFIER = com.nominalista.Lessonay;
				PRODUCT_NAME = "$(TARGET_NAME)";
				SWIFT_VERSION = 4.0;
				TARGETED_DEVICE_FAMILY = "1,2";
			};
			name = Release;
		};
		93273B8FB6E0360E20C6B62E /* Debug */ = {
			isa = XCBuildConfiguration;
			baseConfigurationReference = 26BDE7CA9D15C77DC3B22A20 /* Pods-Lessonay.debug.xcconfig */;
			buildSettings = {
				ASSETCATALOG_COMPILER_APPICON_NAME = AppIcon;
				INFOPLIST_FILE = Lessonay/Info.plist;
				LD_RUNPATH_SEARCH_PATHS = "$(inherited) @executable_path/Frameworks";
				PRODUCT_BUNDLE_IDENTIFIER = com.nominalista.Lessonay;
				PRODUCT_NAME = "$(TARGET_NAME)";
				SWIFT_VERSION = 4.0;
				TARGETED_DEVICE_FAMILY = "1,2";
			};
			name = Debug;
		};
		93273BF6F75D7FABE2B7BF09 /* Release */ = {
			isa = XCBuildConfiguration;
			buildSettings = {
				ALWAYS_SEARCH_USER_PATHS = NO;
				CLANG_ANALYZER_NONNULL = YES;
				CLANG_ANALYZER_NUMBER_OBJECT_CONVERSION = YES_AGGRESSIVE;
				CLANG_CXX_LANGUAGE_STANDARD = "gnu++14";
				CLANG_CXX_LIBRARY = "libc++";
				CLANG_ENABLE_MODULES = YES;
				CLANG_ENABLE_OBJC_ARC = YES;
				CLANG_ENABLE_OBJC_WEAK = YES;
				CLANG_WARN_BLOCK_CAPTURE_AUTORELEASING = YES;
				CLANG_WARN_BOOL_CONVERSION = YES;
				CLANG_WARN_COMMA = YES;
				CLANG_WARN_CONSTANT_CONVERSION = YES;
				CLANG_WARN_DEPRECATED_OBJC_IMPLEMENTATIONS = YES;
				CLANG_WARN_DIRECT_OBJC_ISA_USAGE = YES_ERROR;
				CLANG_WARN_DOCUMENTATION_COMMENTS = YES;
				CLANG_WARN_EMPTY_BODY = YES;
				CLANG_WARN_ENUM_CONVERSION = YES;
				CLANG_WARN_INFINITE_RECURSION = YES;
				CLANG_WARN_INT_CONVERSION = YES;
				CLANG_WARN_NON_LITERAL_NULL_CONVERSION = YES;
				CLANG_WARN_OBJC_IMPLICIT_RETAIN_SELF = YES;
				CLANG_WARN_OBJC_LITERAL_CONVERSION = YES;
				CLANG_WARN_OBJC_ROOT_CLASS = YES_ERROR;
				CLANG_WARN_RANGE_LOOP_ANALYSIS = YES;
				CLANG_WARN_STRICT_PROTOTYPES = YES;
				CLANG_WARN_SUSPICIOUS_MOVE = YES;
				CLANG_WARN_UNGUARDED_AVAILABILITY = YES_AGGRESSIVE;
				CLANG_WARN_UNREACHABLE_CODE = YES;
				CLANG_WARN__DUPLICATE_METHOD_MATCH = YES;
				CODE_SIGN_IDENTITY = "iPhone Developer";
				COPY_PHASE_STRIP = NO;
				DEBUG_INFORMATION_FORMAT = "dwarf-with-dsym";
				ENABLE_NS_ASSERTIONS = NO;
				ENABLE_STRICT_OBJC_MSGSEND = YES;
				GCC_C_LANGUAGE_STANDARD = gnu11;
				GCC_NO_COMMON_BLOCKS = YES;
				GCC_WARN_64_TO_32_BIT_CONVERSION = YES;
				GCC_WARN_ABOUT_RETURN_TYPE = YES_ERROR;
				GCC_WARN_UNDECLARED_SELECTOR = YES;
				GCC_WARN_UNINITIALIZED_AUTOS = YES_AGGRESSIVE;
				GCC_WARN_UNUSED_FUNCTION = YES;
				GCC_WARN_UNUSED_VARIABLE = YES;
				IPHONEOS_DEPLOYMENT_TARGET = 11.3;
				MTL_ENABLE_DEBUG_INFO = NO;
				SDKROOT = iphoneos;
				SWIFT_COMPILATION_MODE = wholemodule;
				SWIFT_OPTIMIZATION_LEVEL = "-O";
				VALIDATE_PRODUCT = YES;
			};
			name = Release;
		};
/* End XCBuildConfiguration section */

/* Begin XCConfigurationList section */
		932733442B3395B081CE5DDD /* Build configuration list for PBXNativeTarget "Lessonay" */ = {
			isa = XCConfigurationList;
			buildConfigurations = (
				93273B8FB6E0360E20C6B62E /* Debug */,
				932737387200AAFA2A72DCAE /* Release */,
			);
			defaultConfigurationIsVisible = 0;
		};
		93273839B69552CDA5808698 /* Build configuration list for PBXProject "Lessonay" */ = {
			isa = XCConfigurationList;
			buildConfigurations = (
				932732CCA7A12152D2BF556B /* Debug */,
				93273BF6F75D7FABE2B7BF09 /* Release */,
			);
			defaultConfigurationIsVisible = 0;
			defaultConfigurationName = Release;
		};
/* End XCConfigurationList section */
	};
	rootObject = 932737A42B4065464F09624B /* Project object */;
}
