// !$*UTF8*$!
{
	archiveVersion = 1;
	classes = {
	};
	objectVersion = 46;
	objects = {

/* Begin PBXBuildFile section */
		932731AAC5EFAF8F7F79AF30 /* Utils.swift in Sources */ = {isa = PBXBuildFile; fileRef = 932739FF8EF6DC612F477050 /* Utils.swift */; };
		93273208D397904F6DA7A3FB /* HomeState.swift in Sources */ = {isa = PBXBuildFile; fileRef = 93273531DC048EBC1CF35627 /* HomeState.swift */; };
		932732FBA33B3B3E8B362ACF /* CGFloat.swift in Sources */ = {isa = PBXBuildFile; fileRef = 93273E2516242A2A14683EB3 /* CGFloat.swift */; };
		93273301FF2580AF6CB6596E /* ApplicationState.swift in Sources */ = {isa = PBXBuildFile; fileRef = 93273736C5B018754094C3E1 /* ApplicationState.swift */; };
		932733A69BEACE178F733AF1 /* URL.swift in Sources */ = {isa = PBXBuildFile; fileRef = 932735C2A5F59A075AA5CD9E /* URL.swift */; };
		9327343BF0F2DAF67C2595F4 /* LessonService.swift in Sources */ = {isa = PBXBuildFile; fileRef = 93273259EB639AE49BDAFC49 /* LessonService.swift */; };
		93273564D2C8AF914E501778 /* PlaybackViewController.swift in Sources */ = {isa = PBXBuildFile; fileRef = 932730DFDE65A6AA663B952F /* PlaybackViewController.swift */; };
		93273566A87B384069B1BDAD /* UIImage.swift in Sources */ = {isa = PBXBuildFile; fileRef = 93273A84DBFA567B2212BD10 /* UIImage.swift */; };
		9327356B67271B11A8443D90 /* UIFont.swift in Sources */ = {isa = PBXBuildFile; fileRef = 93273E31C1D21C6EE546FB7B /* UIFont.swift */; };
		93273677CB163FDE16C83C11 /* Assets.xcassets in Resources */ = {isa = PBXBuildFile; fileRef = 932731AA43EA43131302C65C /* Assets.xcassets */; };
		932736A3E77E6A36C5F950A8 /* String.swift in Sources */ = {isa = PBXBuildFile; fileRef = 932734E52CA221FD71AE742C /* String.swift */; };
		932737F32E98A2D8BC9BC07C /* Lesson.swift in Sources */ = {isa = PBXBuildFile; fileRef = 93273EE60ED50398C45B603E /* Lesson.swift */; };
		932738788800B6C517F93922 /* HomeViewController.swift in Sources */ = {isa = PBXBuildFile; fileRef = 93273213298B98C8CFE0488D /* HomeViewController.swift */; };
		932738A863543221E4A0EF9C /* UIColor.swift in Sources */ = {isa = PBXBuildFile; fileRef = 9327301287C91757E38AC7EE /* UIColor.swift */; };
		932738B758ACE381AF07437E /* AppDelegate.swift in Sources */ = {isa = PBXBuildFile; fileRef = 93273A84BCB6650BBF685C70 /* AppDelegate.swift */; };
		9327393B2C1DC5C82CE2E012 /* HomeMapper.swift in Sources */ = {isa = PBXBuildFile; fileRef = 932739D86BABD182047C4093 /* HomeMapper.swift */; };
		932739FCB0ED7F7FEB93D221 /* ApplicationMapper.swift in Sources */ = {isa = PBXBuildFile; fileRef = 93273EC6BA56CCC346234EB5 /* ApplicationMapper.swift */; };
		932739FFBA40A5832DC9773C /* ApplicationInput.swift in Sources */ = {isa = PBXBuildFile; fileRef = 932739F3E5ED4DCF522F089E /* ApplicationInput.swift */; };
		93273A8025708EC41EE2BE04 /* SetIsPlayingInput.swift in Sources */ = {isa = PBXBuildFile; fileRef = 93273198937BBB7A62ADA580 /* SetIsPlayingInput.swift */; };
		93273B3D5946206A91D28678 /* PlaybackState.swift in Sources */ = {isa = PBXBuildFile; fileRef = 93273065606EFB5BF7AC367E /* PlaybackState.swift */; };
		93273B5C5DF97EA1C45B4903 /* UpdateLessonStateInput.swift in Sources */ = {isa = PBXBuildFile; fileRef = 93273730D918E14DA2209B07 /* UpdateLessonStateInput.swift */; };
		93273B696626653ED757C62F /* ApplicationAutomaton.swift in Sources */ = {isa = PBXBuildFile; fileRef = 93273EBEBDAF566AB6C832BC /* ApplicationAutomaton.swift */; };
		93273BABACE49F1DB69856C4 /* ObservableType.swift in Sources */ = {isa = PBXBuildFile; fileRef = 932737420738FD66B5423B35 /* ObservableType.swift */; };
		93273BEAEC9323140B0F7C70 /* SetLessonInput.swift in Sources */ = {isa = PBXBuildFile; fileRef = 93273EAB32E8976A5BBA76B2 /* SetLessonInput.swift */; };
		93273BF2D11127541A74CC51 /* Reply.swift in Sources */ = {isa = PBXBuildFile; fileRef = 93273DE22C7D3CCADDBC84B4 /* Reply.swift */; };
		93273BF5D262B072B3D16D8B /* ApplicationNavigator.swift in Sources */ = {isa = PBXBuildFile; fileRef = 9327355F6D4C7BD5020F74EA /* ApplicationNavigator.swift */; };
		93273CC6A304A2D4EC77EF84 /* VideoView.swift in Sources */ = {isa = PBXBuildFile; fileRef = 93273585D409E0E72968D3CC /* VideoView.swift */; };
		93273D20B12D2F8D216EC1B1 /* Automaton.swift in Sources */ = {isa = PBXBuildFile; fileRef = 93273D77D6865E68E7AC7BC2 /* Automaton.swift */; };
		93273E28089EDFB59DDC0EC5 /* PlaybackMapper.swift in Sources */ = {isa = PBXBuildFile; fileRef = 9327317E9C003551A8E45313 /* PlaybackMapper.swift */; };
		93273FE0CF1E7A0354B9049E /* LaunchScreen.storyboard in Resources */ = {isa = PBXBuildFile; fileRef = 93273D94B89005DE833FA691 /* LaunchScreen.storyboard */; };
		9B9CB2F6634FC2B49845EE55 /* Pods_Lessonay.framework in Frameworks */ = {isa = PBXBuildFile; fileRef = F41DE3B23C77DBF18EBCDE1A /* Pods_Lessonay.framework */; };
		DA501E26209F4E0C00C03727 /* Localizable.strings in Resources */ = {isa = PBXBuildFile; fileRef = DA501E28209F4E0C00C03727 /* Localizable.strings */; };
/* End PBXBuildFile section */

/* Begin PBXFileReference section */
		21F8413B622A7F2416292FE5 /* Pods-Lessonay.release.xcconfig */ = {isa = PBXFileReference; includeInIndex = 1; lastKnownFileType = text.xcconfig; name = "Pods-Lessonay.release.xcconfig"; path = "Pods/Target Support Files/Pods-Lessonay/Pods-Lessonay.release.xcconfig"; sourceTree = "<group>"; };
		26BDE7CA9D15C77DC3B22A20 /* Pods-Lessonay.debug.xcconfig */ = {isa = PBXFileReference; includeInIndex = 1; lastKnownFileType = text.xcconfig; name = "Pods-Lessonay.debug.xcconfig"; path = "Pods/Target Support Files/Pods-Lessonay/Pods-Lessonay.debug.xcconfig"; sourceTree = "<group>"; };
		9327301287C91757E38AC7EE /* UIColor.swift */ = {isa = PBXFileReference; fileEncoding = 4; lastKnownFileType = sourcecode.swift; path = UIColor.swift; sourceTree = "<group>"; };
		93273065606EFB5BF7AC367E /* PlaybackState.swift */ = {isa = PBXFileReference; fileEncoding = 4; lastKnownFileType = sourcecode.swift; path = PlaybackState.swift; sourceTree = "<group>"; };
		932730DFDE65A6AA663B952F /* PlaybackViewController.swift */ = {isa = PBXFileReference; fileEncoding = 4; lastKnownFileType = sourcecode.swift; path = PlaybackViewController.swift; sourceTree = "<group>"; };
		9327317E9C003551A8E45313 /* PlaybackMapper.swift */ = {isa = PBXFileReference; fileEncoding = 4; lastKnownFileType = sourcecode.swift; path = PlaybackMapper.swift; sourceTree = "<group>"; };
		93273198937BBB7A62ADA580 /* SetIsPlayingInput.swift */ = {isa = PBXFileReference; fileEncoding = 4; lastKnownFileType = sourcecode.swift; path = SetIsPlayingInput.swift; sourceTree = "<group>"; };
		932731AA43EA43131302C65C /* Assets.xcassets */ = {isa = PBXFileReference; lastKnownFileType = folder.assetcatalog; path = Assets.xcassets; sourceTree = "<group>"; };
		93273213298B98C8CFE0488D /* HomeViewController.swift */ = {isa = PBXFileReference; fileEncoding = 4; lastKnownFileType = sourcecode.swift; path = HomeViewController.swift; sourceTree = "<group>"; };
		93273259EB639AE49BDAFC49 /* LessonService.swift */ = {isa = PBXFileReference; fileEncoding = 4; lastKnownFileType = sourcecode.swift; path = LessonService.swift; sourceTree = "<group>"; };
		932734E52CA221FD71AE742C /* String.swift */ = {isa = PBXFileReference; fileEncoding = 4; lastKnownFileType = sourcecode.swift; path = String.swift; sourceTree = "<group>"; };
		93273531DC048EBC1CF35627 /* HomeState.swift */ = {isa = PBXFileReference; fileEncoding = 4; lastKnownFileType = sourcecode.swift; path = HomeState.swift; sourceTree = "<group>"; };
		9327355F6D4C7BD5020F74EA /* ApplicationNavigator.swift */ = {isa = PBXFileReference; fileEncoding = 4; lastKnownFileType = sourcecode.swift; path = ApplicationNavigator.swift; sourceTree = "<group>"; };
		93273585D409E0E72968D3CC /* VideoView.swift */ = {isa = PBXFileReference; fileEncoding = 4; lastKnownFileType = sourcecode.swift; path = VideoView.swift; sourceTree = "<group>"; };
		932735C2A5F59A075AA5CD9E /* URL.swift */ = {isa = PBXFileReference; fileEncoding = 4; lastKnownFileType = sourcecode.swift; path = URL.swift; sourceTree = "<group>"; };
		93273730D918E14DA2209B07 /* UpdateLessonStateInput.swift */ = {isa = PBXFileReference; fileEncoding = 4; lastKnownFileType = sourcecode.swift; path = UpdateLessonStateInput.swift; sourceTree = "<group>"; };
		93273736C5B018754094C3E1 /* ApplicationState.swift */ = {isa = PBXFileReference; fileEncoding = 4; lastKnownFileType = sourcecode.swift; path = ApplicationState.swift; sourceTree = "<group>"; };
		932737420738FD66B5423B35 /* ObservableType.swift */ = {isa = PBXFileReference; fileEncoding = 4; lastKnownFileType = sourcecode.swift; path = ObservableType.swift; sourceTree = "<group>"; };
		932737AF11C421B2DCA343B0 /* Lessonay.app */ = {isa = PBXFileReference; explicitFileType = wrapper.application; includeInIndex = 0; path = Lessonay.app; sourceTree = BUILT_PRODUCTS_DIR; };
		932739D86BABD182047C4093 /* HomeMapper.swift */ = {isa = PBXFileReference; fileEncoding = 4; lastKnownFileType = sourcecode.swift; path = HomeMapper.swift; sourceTree = "<group>"; };
		932739F3E5ED4DCF522F089E /* ApplicationInput.swift */ = {isa = PBXFileReference; fileEncoding = 4; lastKnownFileType = sourcecode.swift; path = ApplicationInput.swift; sourceTree = "<group>"; };
		932739FF8EF6DC612F477050 /* Utils.swift */ = {isa = PBXFileReference; fileEncoding = 4; lastKnownFileType = sourcecode.swift; path = Utils.swift; sourceTree = "<group>"; };
		93273A84BCB6650BBF685C70 /* AppDelegate.swift */ = {isa = PBXFileReference; fileEncoding = 4; lastKnownFileType = sourcecode.swift; path = AppDelegate.swift; sourceTree = "<group>"; };
		93273A84DBFA567B2212BD10 /* UIImage.swift */ = {isa = PBXFileReference; fileEncoding = 4; lastKnownFileType = sourcecode.swift; path = UIImage.swift; sourceTree = "<group>"; };
		93273D77D6865E68E7AC7BC2 /* Automaton.swift */ = {isa = PBXFileReference; fileEncoding = 4; lastKnownFileType = sourcecode.swift; path = Automaton.swift; sourceTree = "<group>"; };
		93273D94B89005DE833FA691 /* LaunchScreen.storyboard */ = {isa = PBXFileReference; lastKnownFileType = file.storyboard; path = LaunchScreen.storyboard; sourceTree = "<group>"; };
		93273DE22C7D3CCADDBC84B4 /* Reply.swift */ = {isa = PBXFileReference; fileEncoding = 4; lastKnownFileType = sourcecode.swift; path = Reply.swift; sourceTree = "<group>"; };
		93273E2516242A2A14683EB3 /* CGFloat.swift */ = {isa = PBXFileReference; fileEncoding = 4; lastKnownFileType = sourcecode.swift; path = CGFloat.swift; sourceTree = "<group>"; };
		93273E31C1D21C6EE546FB7B /* UIFont.swift */ = {isa = PBXFileReference; fileEncoding = 4; lastKnownFileType = sourcecode.swift; path = UIFont.swift; sourceTree = "<group>"; };
		93273E8931BBF32B23340EC9 /* Info.plist */ = {isa = PBXFileReference; lastKnownFileType = text.plist.info; path = Info.plist; sourceTree = "<group>"; };
		93273EAB32E8976A5BBA76B2 /* SetLessonInput.swift */ = {isa = PBXFileReference; fileEncoding = 4; lastKnownFileType = sourcecode.swift; path = SetLessonInput.swift; sourceTree = "<group>"; };
		93273EBEBDAF566AB6C832BC /* ApplicationAutomaton.swift */ = {isa = PBXFileReference; fileEncoding = 4; lastKnownFileType = sourcecode.swift; path = ApplicationAutomaton.swift; sourceTree = "<group>"; };
		93273EC6BA56CCC346234EB5 /* ApplicationMapper.swift */ = {isa = PBXFileReference; fileEncoding = 4; lastKnownFileType = sourcecode.swift; path = ApplicationMapper.swift; sourceTree = "<group>"; };
		93273EE60ED50398C45B603E /* Lesson.swift */ = {isa = PBXFileReference; fileEncoding = 4; lastKnownFileType = sourcecode.swift; path = Lesson.swift; sourceTree = "<group>"; };
		DA501E27209F4E0C00C03727 /* en */ = {isa = PBXFileReference; lastKnownFileType = text.plist.strings; name = en; path = en.lproj/Localizable.strings; sourceTree = "<group>"; };
		F41DE3B23C77DBF18EBCDE1A /* Pods_Lessonay.framework */ = {isa = PBXFileReference; explicitFileType = wrapper.framework; includeInIndex = 0; path = Pods_Lessonay.framework; sourceTree = BUILT_PRODUCTS_DIR; };
/* End PBXFileReference section */

/* Begin PBXFrameworksBuildPhase section */
		93273A860F5B0CAFFDA4FC33 /* Frameworks */ = {
			isa = PBXFrameworksBuildPhase;
			buildActionMask = 2147483647;
			files = (
				9B9CB2F6634FC2B49845EE55 /* Pods_Lessonay.framework in Frameworks */,
			);
			runOnlyForDeploymentPostprocessing = 0;
		};
/* End PBXFrameworksBuildPhase section */

/* Begin PBXGroup section */
		43F721841460F7947776C616 /* Pods */ = {
			isa = PBXGroup;
			children = (
				26BDE7CA9D15C77DC3B22A20 /* Pods-Lessonay.debug.xcconfig */,
				21F8413B622A7F2416292FE5 /* Pods-Lessonay.release.xcconfig */,
			);
			name = Pods;
			sourceTree = "<group>";
		};
		4D02404FBC208D76CCC22A47 /* Frameworks */ = {
			isa = PBXGroup;
			children = (
				F41DE3B23C77DBF18EBCDE1A /* Pods_Lessonay.framework */,
			);
			name = Frameworks;
			sourceTree = "<group>";
		};
		93273004A89017571482472A /* Model */ = {
			isa = PBXGroup;
			children = (
				93273EE60ED50398C45B603E /* Lesson.swift */,
			);
			path = Model;
			sourceTree = "<group>";
		};
		9327303E2EB22DB66C66A494 /* Extensions */ = {
			isa = PBXGroup;
			children = (
				93273CD287A806AF616AD878 /* Foundation */,
				932736EE03725F2808C5F1E9 /* UIKit */,
				9327306D6CCDBB24105AF113 /* CoreGraphics */,
				93273C9F544B3B628893ED04 /* Swift */,
				93273162A9C1E23EC54E1F91 /* RxSwift */,
			);
			path = Extensions;
			sourceTree = "<group>";
		};
		9327306D6CCDBB24105AF113 /* CoreGraphics */ = {
			isa = PBXGroup;
			children = (
				93273E2516242A2A14683EB3 /* CGFloat.swift */,
			);
			path = CoreGraphics;
			sourceTree = "<group>";
		};
		93273091F854A66A86FD9135 /* Mappers */ = {
			isa = PBXGroup;
			children = (
				93273EC6BA56CCC346234EB5 /* ApplicationMapper.swift */,
				932739D86BABD182047C4093 /* HomeMapper.swift */,
				9327317E9C003551A8E45313 /* PlaybackMapper.swift */,
			);
			path = Mappers;
			sourceTree = "<group>";
		};
		93273162A9C1E23EC54E1F91 /* RxSwift */ = {
			isa = PBXGroup;
			children = (
				932737420738FD66B5423B35 /* ObservableType.swift */,
			);
			path = RxSwift;
			sourceTree = "<group>";
		};
		932731725182C9065FB9FBB2 /* States */ = {
			isa = PBXGroup;
			children = (
				93273736C5B018754094C3E1 /* ApplicationState.swift */,
				93273531DC048EBC1CF35627 /* HomeState.swift */,
				93273065606EFB5BF7AC367E /* PlaybackState.swift */,
			);
			path = States;
			sourceTree = "<group>";
		};
		932731753B2F5A4F1058D655 /* Products */ = {
			isa = PBXGroup;
			children = (
				932737AF11C421B2DCA343B0 /* Lessonay.app */,
			);
			name = Products;
			sourceTree = "<group>";
		};
		932732F2DE202F9C8149171A /* Playback */ = {
			isa = PBXGroup;
			children = (
				932730DFDE65A6AA663B952F /* PlaybackViewController.swift */,
				93273585D409E0E72968D3CC /* VideoView.swift */,
			);
			path = Playback;
			sourceTree = "<group>";
		};
		9327351E055EE456CAE7E810 /* Services */ = {
			isa = PBXGroup;
			children = (
				93273259EB639AE49BDAFC49 /* LessonService.swift */,
			);
			path = Services;
			sourceTree = "<group>";
		};
		93273614C792A8F0775D2EA9 /* Infrastructure */ = {
			isa = PBXGroup;
			children = (
				9327303E2EB22DB66C66A494 /* Extensions */,
				93273F08896FE5683088EC53 /* Automaton */,
			);
			path = Infrastructure;
			sourceTree = "<group>";
		};
		932736EE03725F2808C5F1E9 /* UIKit */ = {
			isa = PBXGroup;
			children = (
				93273A84DBFA567B2212BD10 /* UIImage.swift */,
				9327301287C91757E38AC7EE /* UIColor.swift */,
				93273E31C1D21C6EE546FB7B /* UIFont.swift */,
			);
			path = UIKit;
			sourceTree = "<group>";
		};
		932738550FEC5F3F0023466C = {
			isa = PBXGroup;
			children = (
				932731753B2F5A4F1058D655 /* Products */,
				93273E65B9AC5DA323C340CB /* Lessonay */,
				43F721841460F7947776C616 /* Pods */,
				4D02404FBC208D76CCC22A47 /* Frameworks */,
			);
			sourceTree = "<group>";
		};
		93273ABD30AD74BEB5DB3A43 /* Home */ = {
			isa = PBXGroup;
			children = (
				93273213298B98C8CFE0488D /* HomeViewController.swift */,
			);
			path = Home;
			sourceTree = "<group>";
		};
		93273C9F544B3B628893ED04 /* Swift */ = {
			isa = PBXGroup;
			children = (
				932734E52CA221FD71AE742C /* String.swift */,
			);
			path = Swift;
			sourceTree = "<group>";
		};
		93273CD287A806AF616AD878 /* Foundation */ = {
			isa = PBXGroup;
			children = (
				932735C2A5F59A075AA5CD9E /* URL.swift */,
			);
			path = Foundation;
			sourceTree = "<group>";
		};
		93273D879B522484351FE952 /* Navigators */ = {
			isa = PBXGroup;
			children = (
				9327355F6D4C7BD5020F74EA /* ApplicationNavigator.swift */,
			);
			path = Navigators;
			sourceTree = "<group>";
		};
		93273E16A61CB0B5FA25C87C /* User Interface */ = {
			isa = PBXGroup;
			children = (
				93273ABD30AD74BEB5DB3A43 /* Home */,
				932732F2DE202F9C8149171A /* Playback */,
			);
			path = "User Interface";
			sourceTree = "<group>";
		};
		93273E65B9AC5DA323C340CB /* Lessonay */ = {
			isa = PBXGroup;
			children = (
				DA501E28209F4E0C00C03727 /* Localizable.strings */,
				93273E8931BBF32B23340EC9 /* Info.plist */,
				932731AA43EA43131302C65C /* Assets.xcassets */,
				93273E16A61CB0B5FA25C87C /* User Interface */,
				93273F91C29DA4E2D1F61E79 /* Automaton */,
				93273614C792A8F0775D2EA9 /* Infrastructure */,
				93273004A89017571482472A /* Model */,
				9327351E055EE456CAE7E810 /* Services */,
				93273A84BCB6650BBF685C70 /* AppDelegate.swift */,
				93273D94B89005DE833FA691 /* LaunchScreen.storyboard */,
			);
			path = Lessonay;
			sourceTree = "<group>";
		};
		93273F08896FE5683088EC53 /* Automaton */ = {
			isa = PBXGroup;
			children = (
				93273D77D6865E68E7AC7BC2 /* Automaton.swift */,
				93273DE22C7D3CCADDBC84B4 /* Reply.swift */,
				932739FF8EF6DC612F477050 /* Utils.swift */,
			);
			path = Automaton;
			sourceTree = "<group>";
		};
		93273F2A0B09DF34CB97430C /* Inputs */ = {
			isa = PBXGroup;
			children = (
				93273730D918E14DA2209B07 /* UpdateLessonStateInput.swift */,
				93273EAB32E8976A5BBA76B2 /* SetLessonInput.swift */,
				93273198937BBB7A62ADA580 /* SetIsPlayingInput.swift */,
				932739F3E5ED4DCF522F089E /* ApplicationInput.swift */,
			);
			path = Inputs;
			sourceTree = "<group>";
		};
		93273F91C29DA4E2D1F61E79 /* Automaton */ = {
			isa = PBXGroup;
			children = (
				932731725182C9065FB9FBB2 /* States */,
				93273091F854A66A86FD9135 /* Mappers */,
				93273F2A0B09DF34CB97430C /* Inputs */,
				93273D879B522484351FE952 /* Navigators */,
				93273EBEBDAF566AB6C832BC /* ApplicationAutomaton.swift */,
			);
			path = Automaton;
			sourceTree = "<group>";
		};
/* End PBXGroup section */

/* Begin PBXNativeTarget section */
		93273FB6E5FBDDA329AEBB3F /* Lessonay */ = {
			isa = PBXNativeTarget;
			buildConfigurationList = 932733442B3395B081CE5DDD /* Build configuration list for PBXNativeTarget "Lessonay" */;
			buildPhases = (
				1CD14155D5E366FD70EDF02C /* [CP] Check Pods Manifest.lock */,
				93273F1EE9FC0DBC67AEAECE /* Sources */,
				93273A860F5B0CAFFDA4FC33 /* Frameworks */,
				932731212BECE3BC6164824A /* Resources */,
				BD77E16D60F05E3A75A7A934 /* [CP] Embed Pods Frameworks */,
				AE4A3D1BE68EE53E60CC640E /* [CP] Copy Pods Resources */,
			);
			buildRules = (
			);
			dependencies = (
			);
			name = Lessonay;
			productName = Lessonay;
			productReference = 932737AF11C421B2DCA343B0 /* Lessonay.app */;
			productType = "com.apple.product-type.application";
		};
/* End PBXNativeTarget section */

/* Begin PBXProject section */
		932737A42B4065464F09624B /* Project object */ = {
			isa = PBXProject;
			attributes = {
				ORGANIZATIONNAME = Nominalista;
				TargetAttributes = {
					93273FB6E5FBDDA329AEBB3F = {
						DevelopmentTeam = AZX2B8K37B;
					};
				};
			};
			buildConfigurationList = 93273839B69552CDA5808698 /* Build configuration list for PBXProject "Lessonay" */;
			compatibilityVersion = "Xcode 3.2";
			developmentRegion = English;
			hasScannedForEncodings = 0;
			knownRegions = (
				en,
			);
			mainGroup = 932738550FEC5F3F0023466C;
			productRefGroup = 932731753B2F5A4F1058D655 /* Products */;
			projectDirPath = "";
			projectRoot = "";
			targets = (
				93273FB6E5FBDDA329AEBB3F /* Lessonay */,
			);
		};
/* End PBXProject section */

/* Begin PBXResourcesBuildPhase section */
		932731212BECE3BC6164824A /* Resources */ = {
			isa = PBXResourcesBuildPhase;
			buildActionMask = 2147483647;
			files = (
				93273677CB163FDE16C83C11 /* Assets.xcassets in Resources */,
				DA501E26209F4E0C00C03727 /* Localizable.strings in Resources */,
				93273FE0CF1E7A0354B9049E /* LaunchScreen.storyboard in Resources */,
			);
			runOnlyForDeploymentPostprocessing = 0;
		};
/* End PBXResourcesBuildPhase section */

/* Begin PBXShellScriptBuildPhase section */
		1CD14155D5E366FD70EDF02C /* [CP] Check Pods Manifest.lock */ = {
			isa = PBXShellScriptBuildPhase;
			buildActionMask = 2147483647;
			files = (
			);
			inputPaths = (
				"${PODS_PODFILE_DIR_PATH}/Podfile.lock",
				"${PODS_ROOT}/Manifest.lock",
			);
			name = "[CP] Check Pods Manifest.lock";
			outputPaths = (
				"$(DERIVED_FILE_DIR)/Pods-Lessonay-checkManifestLockResult.txt",
			);
			runOnlyForDeploymentPostprocessing = 0;
			shellPath = /bin/sh;
			shellScript = "diff \"${PODS_PODFILE_DIR_PATH}/Podfile.lock\" \"${PODS_ROOT}/Manifest.lock\" > /dev/null\nif [ $? != 0 ] ; then\n    # print error to STDERR\n    echo \"error: The sandbox is not in sync with the Podfile.lock. Run 'pod install' or update your CocoaPods installation.\" >&2\n    exit 1\nfi\n# This output is used by Xcode 'outputs' to avoid re-running this script phase.\necho \"SUCCESS\" > \"${SCRIPT_OUTPUT_FILE_0}\"\n";
			showEnvVarsInLog = 0;
		};
		AE4A3D1BE68EE53E60CC640E /* [CP] Copy Pods Resources */ = {
			isa = PBXShellScriptBuildPhase;
			buildActionMask = 2147483647;
			files = (
			);
			inputPaths = (
			);
			name = "[CP] Copy Pods Resources";
			outputPaths = (
			);
			runOnlyForDeploymentPostprocessing = 0;
			shellPath = /bin/sh;
			shellScript = "\"${SRCROOT}/Pods/Target Support Files/Pods-Lessonay/Pods-Lessonay-resources.sh\"\n";
			showEnvVarsInLog = 0;
		};
		BD77E16D60F05E3A75A7A934 /* [CP] Embed Pods Frameworks */ = {
			isa = PBXShellScriptBuildPhase;
			buildActionMask = 2147483647;
			files = (
			);
			inputPaths = (
				"${SRCROOT}/Pods/Target Support Files/Pods-Lessonay/Pods-Lessonay-frameworks.sh",
				"${BUILT_PRODUCTS_DIR}/DesignExtensions/DesignExtensions.framework",
				"${BUILT_PRODUCTS_DIR}/RxCocoa/RxCocoa.framework",
				"${BUILT_PRODUCTS_DIR}/RxSwift/RxSwift.framework",
				"${BUILT_PRODUCTS_DIR}/VideoPlayer/VideoPlayer.framework",
			);
			name = "[CP] Embed Pods Frameworks";
			outputPaths = (
				"${TARGET_BUILD_DIR}/${FRAMEWORKS_FOLDER_PATH}/DesignExtensions.framework",
				"${TARGET_BUILD_DIR}/${FRAMEWORKS_FOLDER_PATH}/RxCocoa.framework",
				"${TARGET_BUILD_DIR}/${FRAMEWORKS_FOLDER_PATH}/RxSwift.framework",
				"${TARGET_BUILD_DIR}/${FRAMEWORKS_FOLDER_PATH}/VideoPlayer.framework",
			);
			runOnlyForDeploymentPostprocessing = 0;
			shellPath = /bin/sh;
			shellScript = "\"${SRCROOT}/Pods/Target Support Files/Pods-Lessonay/Pods-Lessonay-frameworks.sh\"\n";
			showEnvVarsInLog = 0;
		};
/* End PBXShellScriptBuildPhase section */

/* Begin PBXSourcesBuildPhase section */
		93273F1EE9FC0DBC67AEAECE /* Sources */ = {
			isa = PBXSourcesBuildPhase;
			buildActionMask = 2147483647;
			files = (
				932733A69BEACE178F733AF1 /* URL.swift in Sources */,
				93273D20B12D2F8D216EC1B1 /* Automaton.swift in Sources */,
				932737F32E98A2D8BC9BC07C /* Lesson.swift in Sources */,
				9327343BF0F2DAF67C2595F4 /* LessonService.swift in Sources */,
				93273BF2D11127541A74CC51 /* Reply.swift in Sources */,
				932738B758ACE381AF07437E /* AppDelegate.swift in Sources */,
				93273566A87B384069B1BDAD /* UIImage.swift in Sources */,
				932738A863543221E4A0EF9C /* UIColor.swift in Sources */,
				932732FBA33B3B3E8B362ACF /* CGFloat.swift in Sources */,
				932736A3E77E6A36C5F950A8 /* String.swift in Sources */,
				9327356B67271B11A8443D90 /* UIFont.swift in Sources */,
				93273301FF2580AF6CB6596E /* ApplicationState.swift in Sources */,
				93273208D397904F6DA7A3FB /* HomeState.swift in Sources */,
				93273B3D5946206A91D28678 /* PlaybackState.swift in Sources */,
				932739FCB0ED7F7FEB93D221 /* ApplicationMapper.swift in Sources */,
				9327393B2C1DC5C82CE2E012 /* HomeMapper.swift in Sources */,
				93273E28089EDFB59DDC0EC5 /* PlaybackMapper.swift in Sources */,
				93273BF5D262B072B3D16D8B /* ApplicationNavigator.swift in Sources */,
				93273BABACE49F1DB69856C4 /* ObservableType.swift in Sources */,
				932738788800B6C517F93922 /* HomeViewController.swift in Sources */,
				93273564D2C8AF914E501778 /* PlaybackViewController.swift in Sources */,
				93273CC6A304A2D4EC77EF84 /* VideoView.swift in Sources */,
				93273B5C5DF97EA1C45B4903 /* UpdateLessonStateInput.swift in Sources */,
				93273BEAEC9323140B0F7C70 /* SetLessonInput.swift in Sources */,
				93273A8025708EC41EE2BE04 /* SetIsPlayingInput.swift in Sources */,
				932739FFBA40A5832DC9773C /* ApplicationInput.swift in Sources */,
				93273B696626653ED757C62F /* ApplicationAutomaton.swift in Sources */,
				932731AAC5EFAF8F7F79AF30 /* Utils.swift in Sources */,
			);
			runOnlyForDeploymentPostprocessing = 0;
		};
/* End PBXSourcesBuildPhase section */

/* Begin PBXVariantGroup section */
		DA501E28209F4E0C00C03727 /* Localizable.strings */ = {
			isa = PBXVariantGroup;
			children = (
				DA501E27209F4E0C00C03727 /* en */,
			);
			name = Localizable.strings;
			sourceTree = "<group>";
		};
/* End PBXVariantGroup section */

/* Begin XCBuildConfiguration section */
		932732CCA7A12152D2BF556B /* Debug */ = {
			isa = XCBuildConfiguration;
			buildSettings = {
				ALWAYS_SEARCH_USER_PATHS = NO;
				CLANG_ANALYZER_NONNULL = YES;
				CLANG_ANALYZER_NUMBER_OBJECT_CONVERSION = YES_AGGRESSIVE;
				CLANG_CXX_LANGUAGE_STANDARD = "gnu++14";
				CLANG_CXX_LIBRARY = "libc++";
				CLANG_ENABLE_MODULES = YES;
				CLANG_ENABLE_OBJC_ARC = YES;
				CLANG_ENABLE_OBJC_WEAK = YES;
				CLANG_WARN_BLOCK_CAPTURE_AUTORELEASING = YES;
				CLANG_WARN_BOOL_CONVERSION = YES;
				CLANG_WARN_COMMA = YES;
				CLANG_WARN_CONSTANT_CONVERSION = YES;
				CLANG_WARN_DEPRECATED_OBJC_IMPLEMENTATIONS = YES;
				CLANG_WARN_DIRECT_OBJC_ISA_USAGE = YES_ERROR;
				CLANG_WARN_DOCUMENTATION_COMMENTS = YES;
				CLANG_WARN_EMPTY_BODY = YES;
				CLANG_WARN_ENUM_CONVERSION = YES;
				CLANG_WARN_INFINITE_RECURSION = YES;
				CLANG_WARN_INT_CONVERSION = YES;
				CLANG_WARN_NON_LITERAL_NULL_CONVERSION = YES;
				CLANG_WARN_OBJC_IMPLICIT_RETAIN_SELF = YES;
				CLANG_WARN_OBJC_LITERAL_CONVERSION = YES;
				CLANG_WARN_OBJC_ROOT_CLASS = YES_ERROR;
				CLANG_WARN_RANGE_LOOP_ANALYSIS = YES;
				CLANG_WARN_STRICT_PROTOTYPES = YES;
				CLANG_WARN_SUSPICIOUS_MOVE = YES;
				CLANG_WARN_UNGUARDED_AVAILABILITY = YES_AGGRESSIVE;
				CLANG_WARN_UNREACHABLE_CODE = YES;
				CLANG_WARN__DUPLICATE_METHOD_MATCH = YES;
				CODE_SIGN_IDENTITY = "iPhone Developer";
				COPY_PHASE_STRIP = NO;
				DEBUG_INFORMATION_FORMAT = dwarf;
				ENABLE_STRICT_OBJC_MSGSEND = YES;
				ENABLE_TESTABILITY = YES;
				GCC_C_LANGUAGE_STANDARD = gnu11;
				GCC_DYNAMIC_NO_PIC = NO;
				GCC_NO_COMMON_BLOCKS = YES;
				GCC_OPTIMIZATION_LEVEL = 0;
				GCC_PREPROCESSOR_DEFINITIONS = (
					"DEBUG=1",
					"$(inherited)",
				);
				GCC_WARN_64_TO_32_BIT_CONVERSION = YES;
				GCC_WARN_ABOUT_RETURN_TYPE = YES_ERROR;
				GCC_WARN_UNDECLARED_SELECTOR = YES;
				GCC_WARN_UNINITIALIZED_AUTOS = YES_AGGRESSIVE;
				GCC_WARN_UNUSED_FUNCTION = YES;
				GCC_WARN_UNUSED_VARIABLE = YES;
				IPHONEOS_DEPLOYMENT_TARGET = 11.3;
				MTL_ENABLE_DEBUG_INFO = YES;
				ONLY_ACTIVE_ARCH = YES;
				SDKROOT = iphoneos;
				SWIFT_ACTIVE_COMPILATION_CONDITIONS = DEBUG;
				SWIFT_OPTIMIZATION_LEVEL = "-Onone";
			};
			name = Debug;
		};
		932737387200AAFA2A72DCAE /* Release */ = {
			isa = XCBuildConfiguration;
			baseConfigurationReference = 21F8413B622A7F2416292FE5 /* Pods-Lessonay.release.xcconfig */;
			buildSettings = {
				ASSETCATALOG_COMPILER_APPICON_NAME = AppIcon;
				DEVELOPMENT_TEAM = AZX2B8K37B;
				INFOPLIST_FILE = Lessonay/Info.plist;
				LD_RUNPATH_SEARCH_PATHS = "$(inherited) @executable_path/Frameworks";
				PRODUCT_BUNDLE_IDENTIFIER = com.nominalista.Lessonay;
				PRODUCT_NAME = "$(TARGET_NAME)";
				SWIFT_VERSION = 4.0;
				TARGETED_DEVICE_FAMILY = "1,2";
			};
			name = Release;
		};
		93273B8FB6E0360E20C6B62E /* Debug */ = {
			isa = XCBuildConfiguration;
			baseConfigurationReference = 26BDE7CA9D15C77DC3B22A20 /* Pods-Lessonay.debug.xcconfig */;
			buildSettings = {
				ASSETCATALOG_COMPILER_APPICON_NAME = AppIcon;
				DEVELOPMENT_TEAM = AZX2B8K37B;
				INFOPLIST_FILE = Lessonay/Info.plist;
				LD_RUNPATH_SEARCH_PATHS = "$(inherited) @executable_path/Frameworks";
				PRODUCT_BUNDLE_IDENTIFIER = com.nominalista.Lessonay;
				PRODUCT_NAME = "$(TARGET_NAME)";
				SWIFT_VERSION = 4.0;
				TARGETED_DEVICE_FAMILY = "1,2";
			};
			name = Debug;
		};
		93273BF6F75D7FABE2B7BF09 /* Release */ = {
			isa = XCBuildConfiguration;
			buildSettings = {
				ALWAYS_SEARCH_USER_PATHS = NO;
				CLANG_ANALYZER_NONNULL = YES;
				CLANG_ANALYZER_NUMBER_OBJECT_CONVERSION = YES_AGGRESSIVE;
				CLANG_CXX_LANGUAGE_STANDARD = "gnu++14";
				CLANG_CXX_LIBRARY = "libc++";
				CLANG_ENABLE_MODULES = YES;
				CLANG_ENABLE_OBJC_ARC = YES;
				CLANG_ENABLE_OBJC_WEAK = YES;
				CLANG_WARN_BLOCK_CAPTURE_AUTORELEASING = YES;
				CLANG_WARN_BOOL_CONVERSION = YES;
				CLANG_WARN_COMMA = YES;
				CLANG_WARN_CONSTANT_CONVERSION = YES;
				CLANG_WARN_DEPRECATED_OBJC_IMPLEMENTATIONS = YES;
				CLANG_WARN_DIRECT_OBJC_ISA_USAGE = YES_ERROR;
				CLANG_WARN_DOCUMENTATION_COMMENTS = YES;
				CLANG_WARN_EMPTY_BODY = YES;
				CLANG_WARN_ENUM_CONVERSION = YES;
				CLANG_WARN_INFINITE_RECURSION = YES;
				CLANG_WARN_INT_CONVERSION = YES;
				CLANG_WARN_NON_LITERAL_NULL_CONVERSION = YES;
				CLANG_WARN_OBJC_IMPLICIT_RETAIN_SELF = YES;
				CLANG_WARN_OBJC_LITERAL_CONVERSION = YES;
				CLANG_WARN_OBJC_ROOT_CLASS = YES_ERROR;
				CLANG_WARN_RANGE_LOOP_ANALYSIS = YES;
				CLANG_WARN_STRICT_PROTOTYPES = YES;
				CLANG_WARN_SUSPICIOUS_MOVE = YES;
				CLANG_WARN_UNGUARDED_AVAILABILITY = YES_AGGRESSIVE;
				CLANG_WARN_UNREACHABLE_CODE = YES;
				CLANG_WARN__DUPLICATE_METHOD_MATCH = YES;
				CODE_SIGN_IDENTITY = "iPhone Developer";
				COPY_PHASE_STRIP = NO;
				DEBUG_INFORMATION_FORMAT = "dwarf-with-dsym";
				ENABLE_NS_ASSERTIONS = NO;
				ENABLE_STRICT_OBJC_MSGSEND = YES;
				GCC_C_LANGUAGE_STANDARD = gnu11;
				GCC_NO_COMMON_BLOCKS = YES;
				GCC_WARN_64_TO_32_BIT_CONVERSION = YES;
				GCC_WARN_ABOUT_RETURN_TYPE = YES_ERROR;
				GCC_WARN_UNDECLARED_SELECTOR = YES;
				GCC_WARN_UNINITIALIZED_AUTOS = YES_AGGRESSIVE;
				GCC_WARN_UNUSED_FUNCTION = YES;
				GCC_WARN_UNUSED_VARIABLE = YES;
				IPHONEOS_DEPLOYMENT_TARGET = 11.3;
				MTL_ENABLE_DEBUG_INFO = NO;
				SDKROOT = iphoneos;
				SWIFT_OPTIMIZATION_LEVEL = "-Owholemodule";
				VALIDATE_PRODUCT = YES;
			};
			name = Release;
		};
/* End XCBuildConfiguration section */

/* Begin XCConfigurationList section */
		932733442B3395B081CE5DDD /* Build configuration list for PBXNativeTarget "Lessonay" */ = {
			isa = XCConfigurationList;
			buildConfigurations = (
				93273B8FB6E0360E20C6B62E /* Debug */,
				932737387200AAFA2A72DCAE /* Release */,
			);
			defaultConfigurationIsVisible = 0;
			defaultConfigurationName = Release;
		};
		93273839B69552CDA5808698 /* Build configuration list for PBXProject "Lessonay" */ = {
			isa = XCConfigurationList;
			buildConfigurations = (
				932732CCA7A12152D2BF556B /* Debug */,
				93273BF6F75D7FABE2B7BF09 /* Release */,
			);
			defaultConfigurationIsVisible = 0;
			defaultConfigurationName = Release;
		};
/* End XCConfigurationList section */
	};
	rootObject = 932737A42B4065464F09624B /* Project object */;
}
